
Microsoft Visual Studio Solution File, Format Version 12.00
# Visual Studio Version 16
VisualStudioVersion = 16.0.30413.136
MinimumVisualStudioVersion = 10.0.40219.1
Project("{9A19103F-16F7-4668-BE54-9A1E7A4F7556}") = "Pharmacy2URyanMoir", "Pharmacy2URyanMoir\Pharmacy2URyanMoir.csproj", "{CEAE0A1A-FCDB-45C0-A624-4E2C60EA6CB7}"
EndProject
Project("{9A19103F-16F7-4668-BE54-9A1E7A4F7556}") = "Pharmacy2UClient", "Pharmacy2UClient\Pharmacy2UClient.csproj", "{C30F4699-7E87-46EE-A31D-5A261AC6A438}"
EndProject
Global
	GlobalSection(SolutionConfigurationPlatforms) = preSolution
		Debug|Any CPU = Debug|Any CPU
		Release|Any CPU = Release|Any CPU
	EndGlobalSection
	GlobalSection(ProjectConfigurationPlatforms) = postSolution
		{CEAE0A1A-FCDB-45C0-A624-4E2C60EA6CB7}.Debug|Any CPU.ActiveCfg = Debug|Any CPU
		{CEAE0A1A-FCDB-45C0-A624-4E2C60EA6CB7}.Debug|Any CPU.Build.0 = Debug|Any CPU
		{CEAE0A1A-FCDB-45C0-A624-4E2C60EA6CB7}.Release|Any CPU.ActiveCfg = Release|Any CPU
		{CEAE0A1A-FCDB-45C0-A624-4E2C60EA6CB7}.Release|Any CPU.Build.0 = Release|Any CPU
		{C30F4699-7E87-46EE-A31D-5A261AC6A438}.Debug|Any CPU.ActiveCfg = Debug|Any CPU
		{C30F4699-7E87-46EE-A31D-5A261AC6A438}.Debug|Any CPU.Build.0 = Debug|Any CPU
		{C30F4699-7E87-46EE-A31D-5A261AC6A438}.Release|Any CPU.ActiveCfg = Release|Any CPU
		{C30F4699-7E87-46EE-A31D-5A261AC6A438}.Release|Any CPU.Build.0 = Release|Any CPU
	EndGlobalSection
	GlobalSection(SolutionProperties) = preSolution
		HideSolutionNode = FALSE
	EndGlobalSection
	GlobalSection(ExtensibilityGlobals) = postSolution
		SolutionGuid = {0311C0CB-3602-4B50-AA2A-28FAB0561E73}
	EndGlobalSection
EndGlobal
